[[package]]
name = "atomicwrites"
version = "1.4.0"
description = "Atomic file writes."
category = "main"
optional = false
python-versions = ">=2.7, !=3.0.*, !=3.1.*, !=3.2.*, !=3.3.*"

[[package]]
name = "attrs"
version = "21.4.0"
description = "Classes Without Boilerplate"
category = "main"
optional = false
python-versions = ">=2.7, !=3.0.*, !=3.1.*, !=3.2.*, !=3.3.*, !=3.4.*"

[package.extras]
dev = ["coverage[toml] (>=5.0.2)", "hypothesis", "pympler", "pytest (>=4.3.0)", "six", "mypy", "pytest-mypy-plugins", "zope.interface", "furo", "sphinx", "sphinx-notfound-page", "pre-commit", "cloudpickle"]
docs = ["furo", "sphinx", "zope.interface", "sphinx-notfound-page"]
tests = ["coverage[toml] (>=5.0.2)", "hypothesis", "pympler", "pytest (>=4.3.0)", "six", "mypy", "pytest-mypy-plugins", "zope.interface", "cloudpickle"]
tests_no_zope = ["coverage[toml] (>=5.0.2)", "hypothesis", "pympler", "pytest (>=4.3.0)", "six", "mypy", "pytest-mypy-plugins", "cloudpickle"]

[[package]]
name = "colorama"
version = "0.4.4"
description = "Cross-platform colored terminal text."
category = "main"
optional = false
python-versions = ">=2.7, !=3.0.*, !=3.1.*, !=3.2.*, !=3.3.*, !=3.4.*"

[[package]]
name = "flatbuffers"
version = "2.0"
description = "The FlatBuffers serialization format for Python"
category = "main"
optional = false
python-versions = "*"

[[package]]
name = "iniconfig"
version = "1.1.1"
description = "iniconfig: brain-dead simple config-ini parsing"
category = "main"
optional = false
python-versions = "*"

[[package]]
name = "joblib"
version = "1.1.0"
description = "Lightweight pipelining with Python functions"
category = "main"
optional = false
python-versions = ">=3.6"

[[package]]
name = "numpy"
version = "1.22.3"
description = "NumPy is the fundamental package for array computing with Python."
category = "main"
optional = false
python-versions = ">=3.8"

[[package]]
name = "onnxruntime"
version = "1.11.0"
description = "ONNX Runtime is a runtime accelerator for Machine Learning models"
category = "main"
optional = false
python-versions = "*"

[package.dependencies]
flatbuffers = "*"
numpy = ">=1.19.5"
protobuf = "*"

[[package]]
name = "packaging"
version = "21.3"
description = "Core utilities for Python packages"
category = "main"
optional = false
python-versions = ">=3.6"

[package.dependencies]
pyparsing = ">=2.0.2,<3.0.5 || >3.0.5"

[[package]]
name = "pandas"
version = "1.4.2"
description = "Powerful data structures for data analysis, time series, and statistics"
category = "main"
optional = false
python-versions = ">=3.8"

[package.dependencies]
numpy = [
    {version = ">=1.18.5", markers = "platform_machine != \"aarch64\" and platform_machine != \"arm64\" and python_version < \"3.10\""},
    {version = ">=1.19.2", markers = "platform_machine == \"aarch64\" and python_version < \"3.10\""},
    {version = ">=1.20.0", markers = "platform_machine == \"arm64\" and python_version < \"3.10\""},
    {version = ">=1.21.0", markers = "python_version >= \"3.10\""},
]
python-dateutil = ">=2.8.1"
pytz = ">=2020.1"

[package.extras]
test = ["hypothesis (>=5.5.3)", "pytest (>=6.0)", "pytest-xdist (>=1.31)"]

[[package]]
name = "pluggy"
version = "1.0.0"
description = "plugin and hook calling mechanisms for python"
category = "main"
optional = false
python-versions = ">=3.6"

[package.extras]
dev = ["pre-commit", "tox"]
testing = ["pytest", "pytest-benchmark"]

[[package]]
name = "protobuf"
version = "3.20.0"
description = "Protocol Buffers"
category = "main"
optional = false
python-versions = ">=3.7"

[[package]]
name = "py"
version = "1.11.0"
description = "library with cross-python path, ini-parsing, io, code, log facilities"
category = "main"
optional = false
python-versions = ">=2.7, !=3.0.*, !=3.1.*, !=3.2.*, !=3.3.*, !=3.4.*"

[[package]]
name = "pyparsing"
version = "3.0.7"
description = "Python parsing module"
category = "main"
optional = false
python-versions = ">=3.6"

[package.extras]
diagrams = ["jinja2", "railroad-diagrams"]

[[package]]
name = "pytest"
version = "7.1.1"
description = "pytest: simple powerful testing with Python"
category = "main"
optional = false
python-versions = ">=3.7"

[package.dependencies]
atomicwrites = {version = ">=1.0", markers = "sys_platform == \"win32\""}
attrs = ">=19.2.0"
colorama = {version = "*", markers = "sys_platform == \"win32\""}
iniconfig = "*"
packaging = "*"
pluggy = ">=0.12,<2.0"
py = ">=1.8.2"
tomli = ">=1.0.0"

[package.extras]
testing = ["argcomplete", "hypothesis (>=3.56)", "mock", "nose", "pygments (>=2.7.2)", "requests", "xmlschema"]

[[package]]
name = "python-dateutil"
version = "2.8.2"
description = "Extensions to the standard Python datetime module"
category = "main"
optional = false
python-versions = "!=3.0.*,!=3.1.*,!=3.2.*,>=2.7"

[package.dependencies]
six = ">=1.5"

[[package]]
name = "pytz"
version = "2022.1"
description = "World timezone definitions, modern and historical"
category = "main"
optional = false
python-versions = "*"

[[package]]
name = "scikit-learn"
version = "1.0.1"
description = "A set of python modules for machine learning and data mining"
category = "main"
optional = false
python-versions = ">=3.7"

[package.dependencies]
joblib = ">=0.11"
numpy = ">=1.14.6"
scipy = ">=1.1.0"
threadpoolctl = ">=2.0.0"

[package.extras]
benchmark = ["matplotlib (>=2.2.3)", "pandas (>=0.25.0)", "memory-profiler (>=0.57.0)"]
docs = ["matplotlib (>=2.2.3)", "scikit-image (>=0.14.5)", "pandas (>=0.25.0)", "seaborn (>=0.9.0)", "memory-profiler (>=0.57.0)", "sphinx (>=4.0.1)", "sphinx-gallery (>=0.7.0)", "numpydoc (>=1.0.0)", "Pillow (>=7.1.2)", "sphinx-prompt (>=1.3.0)", "sphinxext-opengraph (>=0.4.2)"]
examples = ["matplotlib (>=2.2.3)", "scikit-image (>=0.14.5)", "pandas (>=0.25.0)", "seaborn (>=0.9.0)"]
tests = ["matplotlib (>=2.2.3)", "scikit-image (>=0.14.5)", "pandas (>=0.25.0)", "pytest (>=5.0.1)", "pytest-cov (>=2.9.0)", "flake8 (>=3.8.2)", "black (>=21.6b0)", "mypy (>=0.770)", "pyamg (>=4.0.0)"]

[[package]]
name = "scipy"
version = "1.6.1"
description = "SciPy: Scientific Library for Python"
category = "main"
optional = false
python-versions = ">=3.7"

[package.dependencies]
numpy = ">=1.16.5"

[[package]]
name = "six"
version = "1.16.0"
description = "Python 2 and 3 compatibility utilities"
category = "main"
optional = false
python-versions = ">=2.7, !=3.0.*, !=3.1.*, !=3.2.*"

[[package]]
name = "threadpoolctl"
version = "3.1.0"
description = "threadpoolctl"
category = "main"
optional = false
python-versions = ">=3.6"

[[package]]
name = "tomli"
version = "2.0.1"
description = "A lil' TOML parser"
category = "main"
optional = false
python-versions = ">=3.7"

[metadata]
lock-version = "1.1"
python-versions = "^3.8"
content-hash = "3ecf25b1be63e16ae7948cc0a9818b9006a59414d65b5aca43bb8470340fead2"

[metadata.files]
atomicwrites = [
    {file = "atomicwrites-1.4.0-py2.py3-none-any.whl", hash = "sha256:6d1784dea7c0c8d4a5172b6c620f40b6e4cbfdf96d783691f2e1302a7b88e197"},
    {file = "atomicwrites-1.4.0.tar.gz", hash = "sha256:ae70396ad1a434f9c7046fd2dd196fc04b12f9e91ffb859164193be8b6168a7a"},
]
attrs = [
    {file = "attrs-21.4.0-py2.py3-none-any.whl", hash = "sha256:2d27e3784d7a565d36ab851fe94887c5eccd6a463168875832a1be79c82828b4"},
    {file = "attrs-21.4.0.tar.gz", hash = "sha256:626ba8234211db98e869df76230a137c4c40a12d72445c45d5f5b716f076e2fd"},
]
colorama = [
    {file = "colorama-0.4.4-py2.py3-none-any.whl", hash = "sha256:9f47eda37229f68eee03b24b9748937c7dc3868f906e8ba69fbcbdd3bc5dc3e2"},
    {file = "colorama-0.4.4.tar.gz", hash = "sha256:5941b2b48a20143d2267e95b1c2a7603ce057ee39fd88e7329b0c292aa16869b"},
]
flatbuffers = [
    {file = "flatbuffers-2.0-py2.py3-none-any.whl", hash = "sha256:3751954f0604580d3219ae49a85fafec9d85eec599c0b96226e1bc0b48e57474"},
    {file = "flatbuffers-2.0.tar.gz", hash = "sha256:12158ab0272375eab8db2d663ae97370c33f152b27801fa6024e1d6105fd4dd2"},
]
iniconfig = [
    {file = "iniconfig-1.1.1-py2.py3-none-any.whl", hash = "sha256:011e24c64b7f47f6ebd835bb12a743f2fbe9a26d4cecaa7f53bc4f35ee9da8b3"},
    {file = "iniconfig-1.1.1.tar.gz", hash = "sha256:bc3af051d7d14b2ee5ef9969666def0cd1a000e121eaea580d4a313df4b37f32"},
]
joblib = [
    {file = "joblib-1.1.0-py2.py3-none-any.whl", hash = "sha256:f21f109b3c7ff9d95f8387f752d0d9c34a02aa2f7060c2135f465da0e5160ff6"},
    {file = "joblib-1.1.0.tar.gz", hash = "sha256:4158fcecd13733f8be669be0683b96ebdbbd38d23559f54dca7205aea1bf1e35"},
]
numpy = [
    {file = "numpy-1.22.3-cp310-cp310-macosx_10_14_x86_64.whl", hash = "sha256:92bfa69cfbdf7dfc3040978ad09a48091143cffb778ec3b03fa170c494118d75"},
    {file = "numpy-1.22.3-cp310-cp310-macosx_11_0_arm64.whl", hash = "sha256:8251ed96f38b47b4295b1ae51631de7ffa8260b5b087808ef09a39a9d66c97ab"},
    {file = "numpy-1.22.3-cp310-cp310-manylinux_2_17_aarch64.manylinux2014_aarch64.whl", hash = "sha256:48a3aecd3b997bf452a2dedb11f4e79bc5bfd21a1d4cc760e703c31d57c84b3e"},
    {file = "numpy-1.22.3-cp310-cp310-manylinux_2_17_x86_64.manylinux2014_x86_64.whl", hash = "sha256:a3bae1a2ed00e90b3ba5f7bd0a7c7999b55d609e0c54ceb2b076a25e345fa9f4"},
    {file = "numpy-1.22.3-cp310-cp310-win32.whl", hash = "sha256:f950f8845b480cffe522913d35567e29dd381b0dc7e4ce6a4a9f9156417d2430"},
    {file = "numpy-1.22.3-cp310-cp310-win_amd64.whl", hash = "sha256:08d9b008d0156c70dc392bb3ab3abb6e7a711383c3247b410b39962263576cd4"},
    {file = "numpy-1.22.3-cp38-cp38-macosx_10_14_x86_64.whl", hash = "sha256:201b4d0552831f7250a08d3b38de0d989d6f6e4658b709a02a73c524ccc6ffce"},
    {file = "numpy-1.22.3-cp38-cp38-macosx_11_0_arm64.whl", hash = "sha256:f8c1f39caad2c896bc0018f699882b345b2a63708008be29b1f355ebf6f933fe"},
    {file = "numpy-1.22.3-cp38-cp38-manylinux_2_17_aarch64.manylinux2014_aarch64.whl", hash = "sha256:568dfd16224abddafb1cbcce2ff14f522abe037268514dd7e42c6776a1c3f8e5"},
    {file = "numpy-1.22.3-cp38-cp38-manylinux_2_17_x86_64.manylinux2014_x86_64.whl", hash = "sha256:3ca688e1b9b95d80250bca34b11a05e389b1420d00e87a0d12dc45f131f704a1"},
    {file = "numpy-1.22.3-cp38-cp38-win32.whl", hash = "sha256:e7927a589df200c5e23c57970bafbd0cd322459aa7b1ff73b7c2e84d6e3eae62"},
    {file = "numpy-1.22.3-cp38-cp38-win_amd64.whl", hash = "sha256:07a8c89a04997625236c5ecb7afe35a02af3896c8aa01890a849913a2309c676"},
    {file = "numpy-1.22.3-cp39-cp39-macosx_10_14_x86_64.whl", hash = "sha256:2c10a93606e0b4b95c9b04b77dc349b398fdfbda382d2a39ba5a822f669a0123"},
    {file = "numpy-1.22.3-cp39-cp39-macosx_11_0_arm64.whl", hash = "sha256:fade0d4f4d292b6f39951b6836d7a3c7ef5b2347f3c420cd9820a1d90d794802"},
    {file = "numpy-1.22.3-cp39-cp39-manylinux_2_17_aarch64.manylinux2014_aarch64.whl", hash = "sha256:5bfb1bb598e8229c2d5d48db1860bcf4311337864ea3efdbe1171fb0c5da515d"},
    {file = "numpy-1.22.3-cp39-cp39-manylinux_2_17_x86_64.manylinux2014_x86_64.whl", hash = "sha256:97098b95aa4e418529099c26558eeb8486e66bd1e53a6b606d684d0c3616b168"},
    {file = "numpy-1.22.3-cp39-cp39-win32.whl", hash = "sha256:fdf3c08bce27132395d3c3ba1503cac12e17282358cb4bddc25cc46b0aca07aa"},
    {file = "numpy-1.22.3-cp39-cp39-win_amd64.whl", hash = "sha256:639b54cdf6aa4f82fe37ebf70401bbb74b8508fddcf4797f9fe59615b8c5813a"},
    {file = "numpy-1.22.3-pp38-pypy38_pp73-manylinux_2_17_x86_64.manylinux2014_x86_64.whl", hash = "sha256:c34ea7e9d13a70bf2ab64a2532fe149a9aced424cd05a2c4ba662fd989e3e45f"},
    {file = "numpy-1.22.3.zip", hash = "sha256:dbc7601a3b7472d559dc7b933b18b4b66f9aa7452c120e87dfb33d02008c8a18"},
]
onnxruntime = [
    {file = "onnxruntime-1.11.0-cp37-cp37m-macosx_10_14_x86_64.whl", hash = "sha256:fdf6aa8875a06d23dbaf4b64ff293bbe20f30f70d2163e54d0dceeb90c826acd"},
    {file = "onnxruntime-1.11.0-cp37-cp37m-manylinux_2_17_aarch64.manylinux2014_aarch64.whl", hash = "sha256:c54cf8bece3a6a987d1b51bce1291ca7ce8148051c01921b6c1a536d0baccb28"},
    {file = "onnxruntime-1.11.0-cp37-cp37m-manylinux_2_17_x86_64.manylinux2014_x86_64.whl", hash = "sha256:9face2621f96d5d15d5569facb325d8e8d2b262243d544f5b32ef70a604271d1"},
    {file = "onnxruntime-1.11.0-cp37-cp37m-win32.whl", hash = "sha256:abdfe1cb08d3c7d197cc711a7664e88f4723b8ef9c6fc19e609be9b107dda502"},
    {file = "onnxruntime-1.11.0-cp37-cp37m-win_amd64.whl", hash = "sha256:4504af5a1c08bf7b0a9c63ec40d82ec8c439942935aff02c8a91cfd72883e19c"},
    {file = "onnxruntime-1.11.0-cp38-cp38-macosx_10_14_x86_64.whl", hash = "sha256:9262e0d3390260dcb17276ca0afd27bd34fe41f90abb599ae5c384a53fe94247"},
    {file = "onnxruntime-1.11.0-cp38-cp38-manylinux_2_17_aarch64.manylinux2014_aarch64.whl", hash = "sha256:1d3c69763640432d9114b28f58eeff0a39be313634d72d68314d0bd96c3ce6ee"},
    {file = "onnxruntime-1.11.0-cp38-cp38-manylinux_2_17_x86_64.manylinux2014_x86_64.whl", hash = "sha256:f361d5151f4b09c99f8038c3fffbbadc0907125ce59c0613279fc499d3aec8c7"},
    {file = "onnxruntime-1.11.0-cp38-cp38-win32.whl", hash = "sha256:c6e30e589e3abfa2b21e071108e193e2d550b5ac6056357e4e48ee37c22ba417"},
    {file = "onnxruntime-1.11.0-cp38-cp38-win_amd64.whl", hash = "sha256:aa6f343c404441a22ab3572e5eba5743d60ba956eb6ec54b99937eb3be68ee86"},
    {file = "onnxruntime-1.11.0-cp39-cp39-macosx_10_15_x86_64.whl", hash = "sha256:f4a493236a2291d6ddbbd121ac1cbc86ded9da2290fa48bd0fe3db7bd45a5bb7"},
    {file = "onnxruntime-1.11.0-cp39-cp39-manylinux_2_17_aarch64.manylinux2014_aarch64.whl", hash = "sha256:b5dfdbdd95dacedb26c27482f1ddcbd045bfa65bb005cce74094b72e5ae77a08"},
    {file = "onnxruntime-1.11.0-cp39-cp39-manylinux_2_17_x86_64.manylinux2014_x86_64.whl", hash = "sha256:f1c0c07f49d0796ef9344fc964375509d5a8e051b77747d6409d3400401f9bcf"},
    {file = "onnxruntime-1.11.0-cp39-cp39-win32.whl", hash = "sha256:afbf4e3a0cbb4a3ce3b0cf0fecff7018f0dd25c1824219f0318db10748981c75"},
    {file = "onnxruntime-1.11.0-cp39-cp39-win_amd64.whl", hash = "sha256:125d4332f08f34d43a6e848d1a042cdcc99ab0efecc5c3023b0948292ed1a927"},
]
packaging = [
    {file = "packaging-21.3-py3-none-any.whl", hash = "sha256:ef103e05f519cdc783ae24ea4e2e0f508a9c99b2d4969652eed6a2e1ea5bd522"},
    {file = "packaging-21.3.tar.gz", hash = "sha256:dd47c42927d89ab911e606518907cc2d3a1f38bbd026385970643f9c5b8ecfeb"},
]
pandas = [
    {file = "pandas-1.4.2-cp310-cp310-macosx_10_9_universal2.whl", hash = "sha256:be67c782c4f1b1f24c2f16a157e12c2693fd510f8df18e3287c77f33d124ed07"},
    {file = "pandas-1.4.2-cp310-cp310-macosx_10_9_x86_64.whl", hash = "sha256:5a206afa84ed20e07603f50d22b5f0db3fb556486d8c2462d8bc364831a4b417"},
    {file = "pandas-1.4.2-cp310-cp310-macosx_11_0_arm64.whl", hash = "sha256:0010771bd9223f7afe5f051eb47c4a49534345dfa144f2f5470b27189a4dd3b5"},
    {file = "pandas-1.4.2-cp310-cp310-manylinux_2_17_aarch64.manylinux2014_aarch64.whl", hash = "sha256:3228198333dd13c90b6434ddf61aa6d57deaca98cf7b654f4ad68a2db84f8cfe"},
    {file = "pandas-1.4.2-cp310-cp310-manylinux_2_17_x86_64.manylinux2014_x86_64.whl", hash = "sha256:5b79af3a69e5175c6fa7b4e046b21a646c8b74e92c6581a9d825687d92071b51"},
    {file = "pandas-1.4.2-cp310-cp310-win_amd64.whl", hash = "sha256:5586cc95692564b441f4747c47c8a9746792e87b40a4680a2feb7794defb1ce3"},
    {file = "pandas-1.4.2-cp38-cp38-macosx_10_9_universal2.whl", hash = "sha256:061609334a8182ab500a90fe66d46f6f387de62d3a9cb9aa7e62e3146c712167"},
    {file = "pandas-1.4.2-cp38-cp38-macosx_10_9_x86_64.whl", hash = "sha256:b8134651258bce418cb79c71adeff0a44090c98d955f6953168ba16cc285d9f7"},
    {file = "pandas-1.4.2-cp38-cp38-macosx_11_0_arm64.whl", hash = "sha256:df82739e00bb6daf4bba4479a40f38c718b598a84654cbd8bb498fd6b0aa8c16"},
    {file = "pandas-1.4.2-cp38-cp38-manylinux_2_17_aarch64.manylinux2014_aarch64.whl", hash = "sha256:385c52e85aaa8ea6a4c600a9b2821181a51f8be0aee3af6f2dcb41dafc4fc1d0"},
    {file = "pandas-1.4.2-cp38-cp38-manylinux_2_17_x86_64.manylinux2014_x86_64.whl", hash = "sha256:295872bf1a09758aba199992c3ecde455f01caf32266d50abc1a073e828a7b9d"},
    {file = "pandas-1.4.2-cp38-cp38-win32.whl", hash = "sha256:95c1e422ced0199cf4a34385ff124b69412c4bc912011ce895582bee620dfcaa"},
    {file = "pandas-1.4.2-cp38-cp38-win_amd64.whl", hash = "sha256:5c54ea4ef3823108cd4ec7fb27ccba4c3a775e0f83e39c5e17f5094cb17748bc"},
    {file = "pandas-1.4.2-cp39-cp39-macosx_10_9_universal2.whl", hash = "sha256:c072c7f06b9242c855ed8021ff970c0e8f8b10b35e2640c657d2a541c5950f59"},
    {file = "pandas-1.4.2-cp39-cp39-macosx_10_9_x86_64.whl", hash = "sha256:f549097993744ff8c41b5e8f2f0d3cbfaabe89b4ae32c8c08ead6cc535b80139"},
    {file = "pandas-1.4.2-cp39-cp39-macosx_11_0_arm64.whl", hash = "sha256:ff08a14ef21d94cdf18eef7c569d66f2e24e0bc89350bcd7d243dd804e3b5eb2"},
    {file = "pandas-1.4.2-cp39-cp39-manylinux_2_17_aarch64.manylinux2014_aarch64.whl", hash = "sha256:8c5bf555b6b0075294b73965adaafb39cf71c312e38c5935c93d78f41c19828a"},
    {file = "pandas-1.4.2-cp39-cp39-manylinux_2_17_x86_64.manylinux2014_x86_64.whl", hash = "sha256:51649ef604a945f781105a6d2ecf88db7da0f4868ac5d45c51cb66081c4d9c73"},
    {file = "pandas-1.4.2-cp39-cp39-win32.whl", hash = "sha256:d0d4f13e4be7ce89d7057a786023c461dd9370040bdb5efa0a7fe76b556867a0"},
    {file = "pandas-1.4.2-cp39-cp39-win_amd64.whl", hash = "sha256:09d8be7dd9e1c4c98224c4dfe8abd60d145d934e9fc1f5f411266308ae683e6a"},
    {file = "pandas-1.4.2.tar.gz", hash = "sha256:92bc1fc585f1463ca827b45535957815b7deb218c549b7c18402c322c7549a12"},
]
pluggy = [
    {file = "pluggy-1.0.0-py2.py3-none-any.whl", hash = "sha256:74134bbf457f031a36d68416e1509f34bd5ccc019f0bcc952c7b909d06b37bd3"},
    {file = "pluggy-1.0.0.tar.gz", hash = "sha256:4224373bacce55f955a878bf9cfa763c1e360858e330072059e10bad68531159"},
]
protobuf = [
    {file = "protobuf-3.20.0-cp310-cp310-macosx_10_9_universal2.whl", hash = "sha256:9d0f3aca8ca51c8b5e204ab92bd8afdb2a8e3df46bd0ce0bd39065d79aabcaa4"},
    {file = "protobuf-3.20.0-cp310-cp310-manylinux2014_aarch64.whl", hash = "sha256:001c2160c03b6349c04de39cf1a58e342750da3632f6978a1634a3dcca1ec10e"},
    {file = "protobuf-3.20.0-cp310-cp310-manylinux_2_12_x86_64.manylinux2010_x86_64.whl", hash = "sha256:5b5860b790498f233cdc8d635a17fc08de62e59d4dcd8cdb6c6c0d38a31edf2b"},
    {file = "protobuf-3.20.0-cp310-cp310-win32.whl", hash = "sha256:0b250c60256c8824219352dc2a228a6b49987e5bf94d3ffcf4c46585efcbd499"},
    {file = "protobuf-3.20.0-cp310-cp310-win_amd64.whl", hash = "sha256:a1eebb6eb0653e594cb86cd8e536b9b083373fca9aba761ade6cd412d46fb2ab"},
    {file = "protobuf-3.20.0-cp36-cp36m-macosx_10_9_x86_64.whl", hash = "sha256:bc14037281db66aa60856cd4ce4541a942040686d290e3f3224dd3978f88f554"},
    {file = "protobuf-3.20.0-cp36-cp36m-manylinux_2_5_x86_64.manylinux1_x86_64.whl", hash = "sha256:47257d932de14a7b6c4ae1b7dbf592388153ee35ec7cae216b87ae6490ed39a3"},
    {file = "protobuf-3.20.0-cp37-cp37m-macosx_10_9_x86_64.whl", hash = "sha256:fbcbb068ebe67c4ff6483d2e2aa87079c325f8470b24b098d6bf7d4d21d57a69"},
    {file = "protobuf-3.20.0-cp37-cp37m-manylinux2014_aarch64.whl", hash = "sha256:542f25a4adf3691a306dcc00bf9a73176554938ec9b98f20f929a044f80acf1b"},
    {file = "protobuf-3.20.0-cp37-cp37m-manylinux_2_5_x86_64.manylinux1_x86_64.whl", hash = "sha256:fd7133b885e356fa4920ead8289bb45dc6f185a164e99e10279f33732ed5ce15"},
    {file = "protobuf-3.20.0-cp37-cp37m-win32.whl", hash = "sha256:8d84453422312f8275455d1cb52d850d6a4d7d714b784e41b573c6f5bfc2a029"},
    {file = "protobuf-3.20.0-cp37-cp37m-win_amd64.whl", hash = "sha256:52bae32a147c375522ce09bd6af4d2949aca32a0415bc62df1456b3ad17c6001"},
    {file = "protobuf-3.20.0-cp38-cp38-macosx_10_9_x86_64.whl", hash = "sha256:25d2fcd6eef340082718ec9ad2c58d734429f2b1f7335d989523852f2bba220b"},
    {file = "protobuf-3.20.0-cp38-cp38-manylinux2014_aarch64.whl", hash = "sha256:88c8be0558bdfc35e68c42ae5bf785eb9390d25915d4863bbc7583d23da77074"},
    {file = "protobuf-3.20.0-cp38-cp38-manylinux_2_5_x86_64.manylinux1_x86_64.whl", hash = "sha256:38fd9eb74b852e4ee14b16e9670cd401d147ee3f3ec0d4f7652e0c921d6227f8"},
    {file = "protobuf-3.20.0-cp38-cp38-win32.whl", hash = "sha256:7dcd84dc31ebb35ade755e06d1561d1bd3b85e85dbdbf6278011fc97b22810db"},
    {file = "protobuf-3.20.0-cp38-cp38-win_amd64.whl", hash = "sha256:1eb13f5a5a59ca4973bcfa2fc8fff644bd39f2109c3f7a60bd5860cb6a49b679"},
    {file = "protobuf-3.20.0-cp39-cp39-macosx_10_9_x86_64.whl", hash = "sha256:1d24c81c2310f0063b8fc1c20c8ed01f3331be9374b4b5c2de846f69e11e21fb"},
    {file = "protobuf-3.20.0-cp39-cp39-manylinux2014_aarch64.whl", hash = "sha256:8be43a91ab66fe995e85ccdbdd1046d9f0443d59e060c0840319290de25b7d33"},
    {file = "protobuf-3.20.0-cp39-cp39-manylinux_2_5_x86_64.manylinux1_x86_64.whl", hash = "sha256:7a53d4035427b9dbfbb397f46642754d294f131e93c661d056366f2a31438263"},
    {file = "protobuf-3.20.0-cp39-cp39-win32.whl", hash = "sha256:32bf4a90c207a0b4e70ca6dd09d43de3cb9898f7d5b69c2e9e3b966a7f342820"},
    {file = "protobuf-3.20.0-cp39-cp39-win_amd64.whl", hash = "sha256:6efe066a7135233f97ce51a1aa007d4fb0be28ef093b4f88dac4ad1b3a2b7b6f"},
    {file = "protobuf-3.20.0-py2.py3-none-any.whl", hash = "sha256:4eda68bd9e2a4879385e6b1ea528c976f59cd9728382005cc54c28bcce8db983"},
    {file = "protobuf-3.20.0.tar.gz", hash = "sha256:71b2c3d1cd26ed1ec7c8196834143258b2ad7f444efff26fdc366c6f5e752702"},
]
py = [
    {file = "py-1.11.0-py2.py3-none-any.whl", hash = "sha256:607c53218732647dff4acdfcd50cb62615cedf612e72d1724fb1a0cc6405b378"},
    {file = "py-1.11.0.tar.gz", hash = "sha256:51c75c4126074b472f746a24399ad32f6053d1b34b68d2fa41e558e6f4a98719"},
]
pyparsing = [
    {file = "pyparsing-3.0.7-py3-none-any.whl", hash = "sha256:a6c06a88f252e6c322f65faf8f418b16213b51bdfaece0524c1c1bc30c63c484"},
    {file = "pyparsing-3.0.7.tar.gz", hash = "sha256:18ee9022775d270c55187733956460083db60b37d0d0fb357445f3094eed3eea"},
]
pytest = [
    {file = "pytest-7.1.1-py3-none-any.whl", hash = "sha256:92f723789a8fdd7180b6b06483874feca4c48a5c76968e03bb3e7f806a1869ea"},
    {file = "pytest-7.1.1.tar.gz", hash = "sha256:841132caef6b1ad17a9afde46dc4f6cfa59a05f9555aae5151f73bdf2820ca63"},
]
python-dateutil = [
    {file = "python-dateutil-2.8.2.tar.gz", hash = "sha256:0123cacc1627ae19ddf3c27a5de5bd67ee4586fbdd6440d9748f8abb483d3e86"},
    {file = "python_dateutil-2.8.2-py2.py3-none-any.whl", hash = "sha256:961d03dc3453ebbc59dbdea9e4e11c5651520a876d0f4db161e8674aae935da9"},
]
pytz = [
    {file = "pytz-2022.1-py2.py3-none-any.whl", hash = "sha256:e68985985296d9a66a881eb3193b0906246245294a881e7c8afe623866ac6a5c"},
    {file = "pytz-2022.1.tar.gz", hash = "sha256:1e760e2fe6a8163bc0b3d9a19c4f84342afa0a2affebfaa84b01b978a02ecaa7"},
]
scikit-learn = [
    {file = "scikit-learn-1.0.1.tar.gz", hash = "sha256:ac2ca9dbb754d61cfe1c83ba8483498ef951d29b93ec09d6f002847f210a99da"},
    {file = "scikit_learn-1.0.1-cp37-cp37m-macosx_10_13_x86_64.whl", hash = "sha256:116e05fd990d9b363fc29bd3699ec2117d7da9088f6ca9a90173b240c5a063f1"},
    {file = "scikit_learn-1.0.1-cp37-cp37m-manylinux_2_12_i686.manylinux2010_i686.whl", hash = "sha256:bd78a2442c948536f677e2744917c37cff014559648102038822c23863741c27"},
    {file = "scikit_learn-1.0.1-cp37-cp37m-manylinux_2_12_x86_64.manylinux2010_x86_64.whl", hash = "sha256:32d941f12fd7e245f01da2b82943c5ce6f1133fa5375eb80caa51457532b3e7e"},
    {file = "scikit_learn-1.0.1-cp37-cp37m-manylinux_2_17_aarch64.manylinux2014_aarch64.whl", hash = "sha256:fb7214103f6c36c1371dd8c166897e3528264a28f2e2e42573ba8c61ed4d7142"},
    {file = "scikit_learn-1.0.1-cp37-cp37m-manylinux_2_5_i686.manylinux1_i686.whl", hash = "sha256:46248cc6a8b72490f723c73ff2e65e62633d14cafe9d2df3a7b3f87d332a6f7e"},
    {file = "scikit_learn-1.0.1-cp37-cp37m-manylinux_2_5_x86_64.manylinux1_x86_64.whl", hash = "sha256:fecb5102f0a36c16c1361ec519a7bb0260776ef40e17393a81f530569c916a7b"},
    {file = "scikit_learn-1.0.1-cp37-cp37m-win32.whl", hash = "sha256:02aee3b257617da0ec98dee9572b10523dc00c25b68c195ddf100c1a93b1854b"},
    {file = "scikit_learn-1.0.1-cp37-cp37m-win_amd64.whl", hash = "sha256:538f3a85c4980c7572f3e754f0ba8489363976ef3e7f6a94e8f1af5ae45f6f6a"},
    {file = "scikit_learn-1.0.1-cp38-cp38-macosx_10_13_x86_64.whl", hash = "sha256:59b1d6df8724003fa16b7365a3b43449ee152aa6e488dd7a19f933640bb2d7fb"},
    {file = "scikit_learn-1.0.1-cp38-cp38-manylinux_2_12_i686.manylinux2010_i686.whl", hash = "sha256:515b227f01f569145dc9f86e56f4cea9f00a613fc4d074bbfc0a92ca00bff467"},
    {file = "scikit_learn-1.0.1-cp38-cp38-manylinux_2_12_x86_64.manylinux2010_x86_64.whl", hash = "sha256:fc75f81571137b39f9b31766e15a0e525331637e7fe8f8000a3fbfba7da3add9"},
    {file = "scikit_learn-1.0.1-cp38-cp38-manylinux_2_17_aarch64.manylinux2014_aarch64.whl", hash = "sha256:648f4dbfdd0a1b45bf6e2e4afe3f431774c55dee05e2d28f8394d6648296f373"},
    {file = "scikit_learn-1.0.1-cp38-cp38-manylinux_2_5_i686.manylinux1_i686.whl", hash = "sha256:53bb7c605427ab187869d7a05cd3f524a3015a90e351c1788fc3a662e7f92b69"},
    {file = "scikit_learn-1.0.1-cp38-cp38-manylinux_2_5_x86_64.manylinux1_x86_64.whl", hash = "sha256:a800665527c1a63f7395a0baae3c89b0d97b54d2c23769c1c9879061bb80bc19"},
    {file = "scikit_learn-1.0.1-cp38-cp38-win32.whl", hash = "sha256:ee59da47e18b703f6de17d5d51b16ce086c50969d5a83db5217f0ae9372de232"},
    {file = "scikit_learn-1.0.1-cp38-cp38-win_amd64.whl", hash = "sha256:ebbe4275556d3c02707bd93ae8b96d9651acd4165126e0ae64b336afa2a6dcb1"},
    {file = "scikit_learn-1.0.1-cp39-cp39-macosx_10_13_x86_64.whl", hash = "sha256:11a57405c1c3514227d0c6a0bee561c94cd1284b41e236f7a1d76b3975f77593"},
    {file = "scikit_learn-1.0.1-cp39-cp39-manylinux_2_12_i686.manylinux2010_i686.whl", hash = "sha256:a51fdbc116974d9715957366df73e5ec6f0a7a2afa017864c2e5f5834e6f494d"},
    {file = "scikit_learn-1.0.1-cp39-cp39-manylinux_2_12_x86_64.manylinux2010_x86_64.whl", hash = "sha256:944f47b2d881b9d24aee40d643bfdc4bd2b6dc3d25b62964411c6d8882f940a1"},
    {file = "scikit_learn-1.0.1-cp39-cp39-manylinux_2_17_aarch64.manylinux2014_aarch64.whl", hash = "sha256:fc60e0371e521995a6af2ef3f5d911568506124c272889b318b8b6e497251231"},
    {file = "scikit_learn-1.0.1-cp39-cp39-manylinux_2_5_i686.manylinux1_i686.whl", hash = "sha256:62ce4e3ddb6e6e9dcdb3e5ac7f0575dbaf56f79ce2b2edee55192b12b52df5be"},
    {file = "scikit_learn-1.0.1-cp39-cp39-manylinux_2_5_x86_64.manylinux1_x86_64.whl", hash = "sha256:059c5be0c0365321ddbcac7abf0db806fad8ecb64ee6c7cbcd58313c7d61634d"},
    {file = "scikit_learn-1.0.1-cp39-cp39-win32.whl", hash = "sha256:c6b9510fd2e1642314efb7aa951a0d05d963f3523e01c30b2dadde2395ebe6b4"},
    {file = "scikit_learn-1.0.1-cp39-cp39-win_amd64.whl", hash = "sha256:c604a813df8e7d6dfca3ae0db0a8fd7e5dff4ea9d94081ab263c81bf0b61ab4b"},
]
scipy = [
    {file = "scipy-1.6.1-cp37-cp37m-macosx_10_9_x86_64.whl", hash = "sha256:a15a1f3fc0abff33e792d6049161b7795909b40b97c6cc2934ed54384017ab76"},
    {file = "scipy-1.6.1-cp37-cp37m-manylinux1_i686.whl", hash = "sha256:e79570979ccdc3d165456dd62041d9556fb9733b86b4b6d818af7a0afc15f092"},
    {file = "scipy-1.6.1-cp37-cp37m-manylinux1_x86_64.whl", hash = "sha256:a423533c55fec61456dedee7b6ee7dce0bb6bfa395424ea374d25afa262be261"},
    {file = "scipy-1.6.1-cp37-cp37m-manylinux2014_aarch64.whl", hash = "sha256:33d6b7df40d197bdd3049d64e8e680227151673465e5d85723b3b8f6b15a6ced"},
    {file = "scipy-1.6.1-cp37-cp37m-win32.whl", hash = "sha256:6725e3fbb47da428794f243864f2297462e9ee448297c93ed1dcbc44335feb78"},
    {file = "scipy-1.6.1-cp37-cp37m-win_amd64.whl", hash = "sha256:5fa9c6530b1661f1370bcd332a1e62ca7881785cc0f80c0d559b636567fab63c"},
    {file = "scipy-1.6.1-cp38-cp38-macosx_10_9_x86_64.whl", hash = "sha256:bd50daf727f7c195e26f27467c85ce653d41df4358a25b32434a50d8870fc519"},
    {file = "scipy-1.6.1-cp38-cp38-manylinux1_i686.whl", hash = "sha256:f46dd15335e8a320b0fb4685f58b7471702234cba8bb3442b69a3e1dc329c345"},
    {file = "scipy-1.6.1-cp38-cp38-manylinux1_x86_64.whl", hash = "sha256:0e5b0ccf63155d90da576edd2768b66fb276446c371b73841e3503be1d63fb5d"},
    {file = "scipy-1.6.1-cp38-cp38-manylinux2014_aarch64.whl", hash = "sha256:2481efbb3740977e3c831edfd0bd9867be26387cacf24eb5e366a6a374d3d00d"},
    {file = "scipy-1.6.1-cp38-cp38-win32.whl", hash = "sha256:68cb4c424112cd4be886b4d979c5497fba190714085f46b8ae67a5e4416c32b4"},
    {file = "scipy-1.6.1-cp38-cp38-win_amd64.whl", hash = "sha256:5f331eeed0297232d2e6eea51b54e8278ed8bb10b099f69c44e2558c090d06bf"},
    {file = "scipy-1.6.1-cp39-cp39-macosx_10_9_x86_64.whl", hash = "sha256:0c8a51d33556bf70367452d4d601d1742c0e806cd0194785914daf19775f0e67"},
    {file = "scipy-1.6.1-cp39-cp39-manylinux1_i686.whl", hash = "sha256:83bf7c16245c15bc58ee76c5418e46ea1811edcc2e2b03041b804e46084ab627"},
    {file = "scipy-1.6.1-cp39-cp39-manylinux1_x86_64.whl", hash = "sha256:794e768cc5f779736593046c9714e0f3a5940bc6dcc1dba885ad64cbfb28e9f0"},
    {file = "scipy-1.6.1-cp39-cp39-manylinux2014_aarch64.whl", hash = "sha256:5da5471aed911fe7e52b86bf9ea32fb55ae93e2f0fac66c32e58897cfb02fa07"},
    {file = "scipy-1.6.1-cp39-cp39-win32.whl", hash = "sha256:8e403a337749ed40af60e537cc4d4c03febddcc56cd26e774c9b1b600a70d3e4"},
    {file = "scipy-1.6.1-cp39-cp39-win_amd64.whl", hash = "sha256:a5193a098ae9f29af283dcf0041f762601faf2e595c0db1da929875b7570353f"},
    {file = "scipy-1.6.1.tar.gz", hash = "sha256:c4fceb864890b6168e79b0e714c585dbe2fd4222768ee90bc1aa0f8218691b11"},
]
six = [
    {file = "six-1.16.0-py2.py3-none-any.whl", hash = "sha256:8abb2f1d86890a2dfb989f9a77cfcfd3e47c2a354b01111771326f8aa26e0254"},
    {file = "six-1.16.0.tar.gz", hash = "sha256:1e61c37477a1626458e36f7b1d82aa5c9b094fa4802892072e49de9c60c4c926"},
]
threadpoolctl = [
    {file = "threadpoolctl-3.1.0-py3-none-any.whl", hash = "sha256:8b99adda265feb6773280df41eece7b2e6561b772d21ffd52e372f999024907b"},
    {file = "threadpoolctl-3.1.0.tar.gz", hash = "sha256:a335baacfaa4400ae1f0d8e3a58d6674d2f8828e3716bb2802c44955ad391380"},
]
tomli = [
    {file = "tomli-2.0.1-py3-none-any.whl", hash = "sha256:939de3e7a6161af0c887ef91b7d41a53e7c5a1ca976325f429cb46ea9bc30ecc"},
    {file = "tomli-2.0.1.tar.gz", hash = "sha256:de526c12914f0c550d15924c62d72abc48d6fe7364aa87328337a31007fe8a4f"},
]
